
Microsoft Visual Studio Solution File, Format Version 12.00
# Visual Studio 15
VisualStudioVersion = 15.0.28307.852
MinimumVisualStudioVersion = 10.0.40219.1
Project("{FAE04EC0-301F-11D3-BF4B-00C04F79EFBC}") = "ChatA", "ChatA\ChatA.csproj", "{4B8C0D15-C21C-4EFE-B82A-2FBB0C680C4C}"
EndProject
Global
	GlobalSection(SolutionConfigurationPlatforms) = preSolution
		Debug|Any CPU = Debug|Any CPU
		Release|Any CPU = Release|Any CPU
	EndGlobalSection
	GlobalSection(ProjectConfigurationPlatforms) = postSolution
		{4B8C0D15-C21C-4EFE-B82A-2FBB0C680C4C}.Debug|Any CPU.ActiveCfg = Debug|Any CPU
		{4B8C0D15-C21C-4EFE-B82A-2FBB0C680C4C}.Debug|Any CPU.Build.0 = Debug|Any CPU
		{4B8C0D15-C21C-4EFE-B82A-2FBB0C680C4C}.Release|Any CPU.ActiveCfg = Release|Any CPU
		{4B8C0D15-C21C-4EFE-B82A-2FBB0C680C4C}.Release|Any CPU.Build.0 = Release|Any CPU
	EndGlobalSection
	GlobalSection(SolutionProperties) = preSolution
		HideSolutionNode = FALSE
	EndGlobalSection
	GlobalSection(ExtensibilityGlobals) = postSolution
		SolutionGuid = {6A6CE91A-6440-4C4E-ACC7-4C87CFE5F2A1}
	EndGlobalSection
EndGlobal
